
Microsoft Visual Studio Solution File, Format Version 12.00
# Visual Studio Version 17
VisualStudioVersion = 17.4.33205.214
MinimumVisualStudioVersion = 10.0.40219.1
Project("{FAE04EC0-301F-11D3-BF4B-00C04F79EFBC}") = "MonoCirclesMove", "MonoCirclesMove.csproj", "{5A5D6E69-CAA8-459F-9468-3E034F2D270C}"
EndProject
Global
	GlobalSection(SolutionConfigurationPlatforms) = preSolution
		Debug|Any CPU = Debug|Any CPU
		Release|Any CPU = Release|Any CPU
	EndGlobalSection
	GlobalSection(ProjectConfigurationPlatforms) = postSolution
		{5A5D6E69-CAA8-459F-9468-3E034F2D270C}.Debug|Any CPU.ActiveCfg = Debug|Any CPU
		{5A5D6E69-CAA8-459F-9468-3E034F2D270C}.Debug|Any CPU.Build.0 = Debug|Any CPU
		{5A5D6E69-CAA8-459F-9468-3E034F2D270C}.Release|Any CPU.ActiveCfg = Release|Any CPU
		{5A5D6E69-CAA8-459F-9468-3E034F2D270C}.Release|Any CPU.Build.0 = Release|Any CPU
	EndGlobalSection
	GlobalSection(SolutionProperties) = preSolution
		HideSolutionNode = FALSE
	EndGlobalSection
	GlobalSection(ExtensibilityGlobals) = postSolution
		SolutionGuid = {6E2687CA-957A-4FA9-9025-C948ED8A6646}
	EndGlobalSection
EndGlobal
